
Microsoft Visual Studio Solution File, Format Version 12.00
# Visual Studio Version 17
VisualStudioVersion = 17.13.35828.75 d17.13
MinimumVisualStudioVersion = 10.0.40219.1
Project("{2150E333-8FDC-42A3-9474-1A3956D46DE8}") = "src", "src", "{02EA681E-C7D8-13C7-8484-4AC65E1B71E8}"
EndProject
Project("{FAE04EC0-301F-11D3-BF4B-00C04F79EFBC}") = "ECommerce.Core", "ECommerce.Core\ECommerce.Core.csproj", "{FB6FEE1A-2D13-40CD-8D28-61B40A1632A0}"
EndProject
Project("{FAE04EC0-301F-11D3-BF4B-00C04F79EFBC}") = "ECommerce.Infrastructure", "ECommerce.Infrastructure\ECommerce.Infrastructure.csproj", "{749DD74F-97B4-4A06-9FD9-8A46113A3B7C}"
EndProject
Project("{FAE04EC0-301F-11D3-BF4B-00C04F79EFBC}") = "ECommerce.Api", "ECommerce.Api\ECommerce.Api.csproj", "{7ABF0D3E-6C5B-4DE7-9FB9-DFA578DE9511}"
EndProject
Global
	GlobalSection(SolutionConfigurationPlatforms) = preSolution
		Debug|Any CPU = Debug|Any CPU
		Release|Any CPU = Release|Any CPU
	EndGlobalSection
	GlobalSection(ProjectConfigurationPlatforms) = postSolution
		{FB6FEE1A-2D13-40CD-8D28-61B40A1632A0}.Debug|Any CPU.ActiveCfg = Debug|Any CPU
		{FB6FEE1A-2D13-40CD-8D28-61B40A1632A0}.Debug|Any CPU.Build.0 = Debug|Any CPU
		{FB6FEE1A-2D13-40CD-8D28-61B40A1632A0}.Release|Any CPU.ActiveCfg = Release|Any CPU
		{FB6FEE1A-2D13-40CD-8D28-61B40A1632A0}.Release|Any CPU.Build.0 = Release|Any CPU
		{749DD74F-97B4-4A06-9FD9-8A46113A3B7C}.Debug|Any CPU.ActiveCfg = Debug|Any CPU
		{749DD74F-97B4-4A06-9FD9-8A46113A3B7C}.Debug|Any CPU.Build.0 = Debug|Any CPU
		{749DD74F-97B4-4A06-9FD9-8A46113A3B7C}.Release|Any CPU.ActiveCfg = Release|Any CPU
		{749DD74F-97B4-4A06-9FD9-8A46113A3B7C}.Release|Any CPU.Build.0 = Release|Any CPU
		{7ABF0D3E-6C5B-4DE7-9FB9-DFA578DE9511}.Debug|Any CPU.ActiveCfg = Debug|Any CPU
		{7ABF0D3E-6C5B-4DE7-9FB9-DFA578DE9511}.Debug|Any CPU.Build.0 = Debug|Any CPU
		{7ABF0D3E-6C5B-4DE7-9FB9-DFA578DE9511}.Release|Any CPU.ActiveCfg = Release|Any CPU
		{7ABF0D3E-6C5B-4DE7-9FB9-DFA578DE9511}.Release|Any CPU.Build.0 = Release|Any CPU
	EndGlobalSection
	GlobalSection(SolutionProperties) = preSolution
		HideSolutionNode = FALSE
	EndGlobalSection
	GlobalSection(NestedProjects) = preSolution
		{FB6FEE1A-2D13-40CD-8D28-61B40A1632A0} = {02EA681E-C7D8-13C7-8484-4AC65E1B71E8}
		{749DD74F-97B4-4A06-9FD9-8A46113A3B7C} = {02EA681E-C7D8-13C7-8484-4AC65E1B71E8}
		{7ABF0D3E-6C5B-4DE7-9FB9-DFA578DE9511} = {02EA681E-C7D8-13C7-8484-4AC65E1B71E8}
	EndGlobalSection
	GlobalSection(ExtensibilityGlobals) = postSolution
		SolutionGuid = {F93C2813-9E3D-4B88-9AE2-73BCCD009469}
	EndGlobalSection
EndGlobal
